
Microsoft Visual Studio Solution File, Format Version 12.00
# Visual Studio Version 17
VisualStudioVersion = 17.9.34622.214
MinimumVisualStudioVersion = 10.0.40219.1
Project("{FAE04EC0-301F-11D3-BF4B-00C04F79EFBC}") = "Stok_Uygulama_Projesi", "Proje3(stok)\Stok_Uygulama_Projesi.csproj", "{96ADDE11-225C-41B0-9A79-1670D10CB433}"
EndProject
Global
	GlobalSection(SolutionConfigurationPlatforms) = preSolution
		Debug|Any CPU = Debug|Any CPU
		Release|Any CPU = Release|Any CPU
	EndGlobalSection
	GlobalSection(ProjectConfigurationPlatforms) = postSolution
		{96ADDE11-225C-41B0-9A79-1670D10CB433}.Debug|Any CPU.ActiveCfg = Debug|Any CPU
		{96ADDE11-225C-41B0-9A79-1670D10CB433}.Debug|Any CPU.Build.0 = Debug|Any CPU
		{96ADDE11-225C-41B0-9A79-1670D10CB433}.Release|Any CPU.ActiveCfg = Release|Any CPU
		{96ADDE11-225C-41B0-9A79-1670D10CB433}.Release|Any CPU.Build.0 = Release|Any CPU
	EndGlobalSection
	GlobalSection(SolutionProperties) = preSolution
		HideSolutionNode = FALSE
	EndGlobalSection
	GlobalSection(ExtensibilityGlobals) = postSolution
		SolutionGuid = {40F3737C-F5AB-491B-9ADC-F30737193DE4}
	EndGlobalSection
EndGlobal
